
Microsoft Visual Studio Solution File, Format Version 12.00
# Visual Studio Version 16
VisualStudioVersion = 16.0.30225.117
MinimumVisualStudioVersion = 10.0.40219.1
Project("{FAE04EC0-301F-11D3-BF4B-00C04F79EFBC}") = "Portaled.Service", "Portaled.Service\Portaled.Service.csproj", "{B881D43F-9566-47D3-B2E4-03B3BB9C5F22}"
EndProject
Project("{FAE04EC0-301F-11D3-BF4B-00C04F79EFBC}") = "Portaled.Core", "Portaled.Core\Portaled.Core.csproj", "{D6D66D58-188A-4264-ACAF-9867A54528C3}"
EndProject
Project("{FAE04EC0-301F-11D3-BF4B-00C04F79EFBC}") = "ConsoleApp1", "ConsoleApp1\ConsoleApp1.csproj", "{DE9A2243-912D-42C3-87D2-C593D3ADB14F}"
EndProject
Global
	GlobalSection(SolutionConfigurationPlatforms) = preSolution
		Debug|Any CPU = Debug|Any CPU
		Release|Any CPU = Release|Any CPU
	EndGlobalSection
	GlobalSection(ProjectConfigurationPlatforms) = postSolution
		{B881D43F-9566-47D3-B2E4-03B3BB9C5F22}.Debug|Any CPU.ActiveCfg = Debug|Any CPU
		{B881D43F-9566-47D3-B2E4-03B3BB9C5F22}.Debug|Any CPU.Build.0 = Debug|Any CPU
		{B881D43F-9566-47D3-B2E4-03B3BB9C5F22}.Release|Any CPU.ActiveCfg = Release|Any CPU
		{B881D43F-9566-47D3-B2E4-03B3BB9C5F22}.Release|Any CPU.Build.0 = Release|Any CPU
		{D6D66D58-188A-4264-ACAF-9867A54528C3}.Debug|Any CPU.ActiveCfg = Debug|Any CPU
		{D6D66D58-188A-4264-ACAF-9867A54528C3}.Debug|Any CPU.Build.0 = Debug|Any CPU
		{D6D66D58-188A-4264-ACAF-9867A54528C3}.Release|Any CPU.ActiveCfg = Release|Any CPU
		{D6D66D58-188A-4264-ACAF-9867A54528C3}.Release|Any CPU.Build.0 = Release|Any CPU
		{DE9A2243-912D-42C3-87D2-C593D3ADB14F}.Debug|Any CPU.ActiveCfg = Debug|Any CPU
		{DE9A2243-912D-42C3-87D2-C593D3ADB14F}.Debug|Any CPU.Build.0 = Debug|Any CPU
		{DE9A2243-912D-42C3-87D2-C593D3ADB14F}.Release|Any CPU.ActiveCfg = Release|Any CPU
		{DE9A2243-912D-42C3-87D2-C593D3ADB14F}.Release|Any CPU.Build.0 = Release|Any CPU
	EndGlobalSection
	GlobalSection(SolutionProperties) = preSolution
		HideSolutionNode = FALSE
	EndGlobalSection
	GlobalSection(ExtensibilityGlobals) = postSolution
		SolutionGuid = {D2707C0F-0D4D-4BC9-8797-C01905714F49}
	EndGlobalSection
EndGlobal
